
Microsoft Visual Studio Solution File, Format Version 12.00
# Visual Studio Version 16
VisualStudioVersion = 16.0.30717.126
MinimumVisualStudioVersion = 10.0.40219.1
Project("{FAE04EC0-301F-11D3-BF4B-00C04F79EFBC}") = "Group_Client", "Group_Client.csproj", "{4ACE0D17-FFEA-4D92-91E0-704A9E70458A}"
EndProject
Global
	GlobalSection(SolutionConfigurationPlatforms) = preSolution
		Debug|Any CPU = Debug|Any CPU
		Release|Any CPU = Release|Any CPU
	EndGlobalSection
	GlobalSection(ProjectConfigurationPlatforms) = postSolution
		{4ACE0D17-FFEA-4D92-91E0-704A9E70458A}.Debug|Any CPU.ActiveCfg = Debug|Any CPU
		{4ACE0D17-FFEA-4D92-91E0-704A9E70458A}.Debug|Any CPU.Build.0 = Debug|Any CPU
		{4ACE0D17-FFEA-4D92-91E0-704A9E70458A}.Release|Any CPU.ActiveCfg = Release|Any CPU
		{4ACE0D17-FFEA-4D92-91E0-704A9E70458A}.Release|Any CPU.Build.0 = Release|Any CPU
	EndGlobalSection
	GlobalSection(SolutionProperties) = preSolution
		HideSolutionNode = FALSE
	EndGlobalSection
	GlobalSection(ExtensibilityGlobals) = postSolution
		SolutionGuid = {79241A21-ADD1-4BBF-BA99-18CAC2472FF0}
	EndGlobalSection
EndGlobal
